
Microsoft Visual Studio Solution File, Format Version 12.00
# Visual Studio 15
VisualStudioVersion = 15.0.28010.2019
MinimumVisualStudioVersion = 10.0.40219.1
Project("{FAE04EC0-301F-11D3-BF4B-00C04F79EFBC}") = "KillerAppWebShop", "KillerAppWebShop\KillerAppWebShop.csproj", "{4C55C9FD-5FA3-4263-B68B-11F4E2236AD8}"
EndProject
Global
	GlobalSection(SolutionConfigurationPlatforms) = preSolution
		Debug|Any CPU = Debug|Any CPU
		Release|Any CPU = Release|Any CPU
	EndGlobalSection
	GlobalSection(ProjectConfigurationPlatforms) = postSolution
		{4C55C9FD-5FA3-4263-B68B-11F4E2236AD8}.Debug|Any CPU.ActiveCfg = Debug|Any CPU
		{4C55C9FD-5FA3-4263-B68B-11F4E2236AD8}.Debug|Any CPU.Build.0 = Debug|Any CPU
		{4C55C9FD-5FA3-4263-B68B-11F4E2236AD8}.Release|Any CPU.ActiveCfg = Release|Any CPU
		{4C55C9FD-5FA3-4263-B68B-11F4E2236AD8}.Release|Any CPU.Build.0 = Release|Any CPU
	EndGlobalSection
	GlobalSection(SolutionProperties) = preSolution
		HideSolutionNode = FALSE
	EndGlobalSection
	GlobalSection(ExtensibilityGlobals) = postSolution
		SolutionGuid = {7993482C-BE16-4EFD-A60B-BEAA9FEBA902}
	EndGlobalSection
EndGlobal
